
Microsoft Visual Studio Solution File, Format Version 12.00
# Visual Studio 15
VisualStudioVersion = 15.0.28307.421
MinimumVisualStudioVersion = 10.0.40219.1
Project("{2150E333-8FDC-42A3-9474-1A3956D46DE8}") = "3 - Application", "3 - Application", "{80331400-391F-475A-A77E-B6D1B1D56FEE}"
EndProject
Project("{2150E333-8FDC-42A3-9474-1A3956D46DE8}") = "1 - Presentation", "1 - Presentation", "{EA71A747-7FF6-4302-8035-82FC6D4211DC}"
EndProject
Project("{2150E333-8FDC-42A3-9474-1A3956D46DE8}") = "4 - Domain", "4 - Domain", "{8A3F8876-69BC-455C-A78F-8BDA87D0061C}"
EndProject
Project("{2150E333-8FDC-42A3-9474-1A3956D46DE8}") = "5 - Infra", "5 - Infra", "{62A65D20-DC8B-434B-8344-F6FD45BA1764}"
EndProject
Project("{2150E333-8FDC-42A3-9474-1A3956D46DE8}") = "2 - Service", "2 - Service", "{80A111BC-0DF6-4BEB-A2D7-15BCCF78A8DA}"
EndProject
Project("{FAE04EC0-301F-11D3-BF4B-00C04F79EFBC}") = "Event.Domain.Core", "src\Event.Domain.Core\Event.Domain.Core.csproj", "{3190E56F-506D-4399-A5CA-1F78D1B7A26C}"
EndProject
Project("{FAE04EC0-301F-11D3-BF4B-00C04F79EFBC}") = "Event.Domain", "src\Event.Domain\Event.Domain.csproj", "{11E8D33E-7126-483D-8F4C-8DDCE1CD2A18}"
EndProject
Project("{2150E333-8FDC-42A3-9474-1A3956D46DE8}") = "5.1 - Data", "5.1 - Data", "{F67BCA9F-22FE-4DB6-BF6F-1DAA4A2170E1}"
EndProject
Project("{2150E333-8FDC-42A3-9474-1A3956D46DE8}") = "5.2 - CrossCutting", "5.2 - CrossCutting", "{2966D3E9-8068-4D60-87B8-A0AB36396EE4}"
EndProject
Project("{FAE04EC0-301F-11D3-BF4B-00C04F79EFBC}") = "Event.Infra.Data", "src\Event.Infra.Data\Event.Infra.Data.csproj", "{1FDE9D31-9B80-47D9-8E6A-A77FD3B89030}"
EndProject
Project("{FAE04EC0-301F-11D3-BF4B-00C04F79EFBC}") = "Event.Infra.CrossCutting.IoC", "src\Event.Infra.CrossCutting.IoC\Event.Infra.CrossCutting.IoC.csproj", "{C46201EA-B0FF-4569-973C-22419C429BE5}"
EndProject
Project("{FAE04EC0-301F-11D3-BF4B-00C04F79EFBC}") = "Event.Application", "src\Event.Application\Event.Application.csproj", "{87C8B963-83B4-4603-836F-9EC64C39A2FA}"
EndProject
Project("{FAE04EC0-301F-11D3-BF4B-00C04F79EFBC}") = "Event.CrossCutting.Identity", "src\Event.CrossCutting.Identity\Event.CrossCutting.Identity.csproj", "{7DF45462-AA4B-4AB9-8EE3-A977B4A45892}"
EndProject
Project("{FAE04EC0-301F-11D3-BF4B-00C04F79EFBC}") = "Event.Service.Api", "src\Event.Service.Api\Event.Service.Api.csproj", "{BF611657-7742-45BA-BCD8-AA55A9AA8B15}"
EndProject
Project("{2150E333-8FDC-42A3-9474-1A3956D46DE8}") = "6 - Test", "6 - Test", "{65D005AF-E97B-48F6-8F7F-3F4016F6856A}"
EndProject
Project("{FAE04EC0-301F-11D3-BF4B-00C04F79EFBC}") = "Event.Test", "tests\Event.Test\Event.Test.csproj", "{050084CB-F864-4CCB-87C5-3F799A4FF344}"
EndProject
Global
	GlobalSection(SolutionConfigurationPlatforms) = preSolution
		Debug|Any CPU = Debug|Any CPU
		Release|Any CPU = Release|Any CPU
	EndGlobalSection
	GlobalSection(ProjectConfigurationPlatforms) = postSolution
		{3190E56F-506D-4399-A5CA-1F78D1B7A26C}.Debug|Any CPU.ActiveCfg = Debug|Any CPU
		{3190E56F-506D-4399-A5CA-1F78D1B7A26C}.Debug|Any CPU.Build.0 = Debug|Any CPU
		{3190E56F-506D-4399-A5CA-1F78D1B7A26C}.Release|Any CPU.ActiveCfg = Release|Any CPU
		{3190E56F-506D-4399-A5CA-1F78D1B7A26C}.Release|Any CPU.Build.0 = Release|Any CPU
		{11E8D33E-7126-483D-8F4C-8DDCE1CD2A18}.Debug|Any CPU.ActiveCfg = Debug|Any CPU
		{11E8D33E-7126-483D-8F4C-8DDCE1CD2A18}.Debug|Any CPU.Build.0 = Debug|Any CPU
		{11E8D33E-7126-483D-8F4C-8DDCE1CD2A18}.Release|Any CPU.ActiveCfg = Release|Any CPU
		{11E8D33E-7126-483D-8F4C-8DDCE1CD2A18}.Release|Any CPU.Build.0 = Release|Any CPU
		{1FDE9D31-9B80-47D9-8E6A-A77FD3B89030}.Debug|Any CPU.ActiveCfg = Debug|Any CPU
		{1FDE9D31-9B80-47D9-8E6A-A77FD3B89030}.Debug|Any CPU.Build.0 = Debug|Any CPU
		{1FDE9D31-9B80-47D9-8E6A-A77FD3B89030}.Release|Any CPU.ActiveCfg = Release|Any CPU
		{1FDE9D31-9B80-47D9-8E6A-A77FD3B89030}.Release|Any CPU.Build.0 = Release|Any CPU
		{C46201EA-B0FF-4569-973C-22419C429BE5}.Debug|Any CPU.ActiveCfg = Debug|Any CPU
		{C46201EA-B0FF-4569-973C-22419C429BE5}.Debug|Any CPU.Build.0 = Debug|Any CPU
		{C46201EA-B0FF-4569-973C-22419C429BE5}.Release|Any CPU.ActiveCfg = Release|Any CPU
		{C46201EA-B0FF-4569-973C-22419C429BE5}.Release|Any CPU.Build.0 = Release|Any CPU
		{87C8B963-83B4-4603-836F-9EC64C39A2FA}.Debug|Any CPU.ActiveCfg = Debug|Any CPU
		{87C8B963-83B4-4603-836F-9EC64C39A2FA}.Debug|Any CPU.Build.0 = Debug|Any CPU
		{87C8B963-83B4-4603-836F-9EC64C39A2FA}.Release|Any CPU.ActiveCfg = Release|Any CPU
		{87C8B963-83B4-4603-836F-9EC64C39A2FA}.Release|Any CPU.Build.0 = Release|Any CPU
		{7DF45462-AA4B-4AB9-8EE3-A977B4A45892}.Debug|Any CPU.ActiveCfg = Debug|Any CPU
		{7DF45462-AA4B-4AB9-8EE3-A977B4A45892}.Debug|Any CPU.Build.0 = Debug|Any CPU
		{7DF45462-AA4B-4AB9-8EE3-A977B4A45892}.Release|Any CPU.ActiveCfg = Release|Any CPU
		{7DF45462-AA4B-4AB9-8EE3-A977B4A45892}.Release|Any CPU.Build.0 = Release|Any CPU
		{BF611657-7742-45BA-BCD8-AA55A9AA8B15}.Debug|Any CPU.ActiveCfg = Debug|Any CPU
		{BF611657-7742-45BA-BCD8-AA55A9AA8B15}.Debug|Any CPU.Build.0 = Debug|Any CPU
		{BF611657-7742-45BA-BCD8-AA55A9AA8B15}.Release|Any CPU.ActiveCfg = Release|Any CPU
		{BF611657-7742-45BA-BCD8-AA55A9AA8B15}.Release|Any CPU.Build.0 = Release|Any CPU
		{050084CB-F864-4CCB-87C5-3F799A4FF344}.Debug|Any CPU.ActiveCfg = Debug|Any CPU
		{050084CB-F864-4CCB-87C5-3F799A4FF344}.Debug|Any CPU.Build.0 = Debug|Any CPU
		{050084CB-F864-4CCB-87C5-3F799A4FF344}.Release|Any CPU.ActiveCfg = Release|Any CPU
		{050084CB-F864-4CCB-87C5-3F799A4FF344}.Release|Any CPU.Build.0 = Release|Any CPU
	EndGlobalSection
	GlobalSection(SolutionProperties) = preSolution
		HideSolutionNode = FALSE
	EndGlobalSection
	GlobalSection(NestedProjects) = preSolution
		{3190E56F-506D-4399-A5CA-1F78D1B7A26C} = {8A3F8876-69BC-455C-A78F-8BDA87D0061C}
		{11E8D33E-7126-483D-8F4C-8DDCE1CD2A18} = {8A3F8876-69BC-455C-A78F-8BDA87D0061C}
		{F67BCA9F-22FE-4DB6-BF6F-1DAA4A2170E1} = {62A65D20-DC8B-434B-8344-F6FD45BA1764}
		{2966D3E9-8068-4D60-87B8-A0AB36396EE4} = {62A65D20-DC8B-434B-8344-F6FD45BA1764}
		{1FDE9D31-9B80-47D9-8E6A-A77FD3B89030} = {F67BCA9F-22FE-4DB6-BF6F-1DAA4A2170E1}
		{C46201EA-B0FF-4569-973C-22419C429BE5} = {2966D3E9-8068-4D60-87B8-A0AB36396EE4}
		{87C8B963-83B4-4603-836F-9EC64C39A2FA} = {80331400-391F-475A-A77E-B6D1B1D56FEE}
		{7DF45462-AA4B-4AB9-8EE3-A977B4A45892} = {2966D3E9-8068-4D60-87B8-A0AB36396EE4}
		{BF611657-7742-45BA-BCD8-AA55A9AA8B15} = {80A111BC-0DF6-4BEB-A2D7-15BCCF78A8DA}
		{050084CB-F864-4CCB-87C5-3F799A4FF344} = {65D005AF-E97B-48F6-8F7F-3F4016F6856A}
	EndGlobalSection
	GlobalSection(ExtensibilityGlobals) = postSolution
		SolutionGuid = {0DB50999-89A0-4432-A883-D6B97E732BBA}
	EndGlobalSection
EndGlobal
